// !$*UTF8*$!
{
	archiveVersion = 1;
	classes = {
	};
	objectVersion = 56;
	objects = {

/* Begin PBXBuildFile section */
		2ECD40812AA60A9C00787F85 /* AppDelegate.swift in Sources */ = {isa = PBXBuildFile; fileRef = 2ECD40802AA60A9C00787F85 /* AppDelegate.swift */; };
		2ECD40832AA60A9C00787F85 /* SceneDelegate.swift in Sources */ = {isa = PBXBuildFile; fileRef = 2ECD40822AA60A9C00787F85 /* SceneDelegate.swift */; };
		2ECD40852AA60A9C00787F85 /* ViewController.swift in Sources */ = {isa = PBXBuildFile; fileRef = 2ECD40842AA60A9C00787F85 /* ViewController.swift */; };
		2ECD40882AA60A9C00787F85 /* Main.storyboard in Resources */ = {isa = PBXBuildFile; fileRef = 2ECD40862AA60A9C00787F85 /* Main.storyboard */; };
		2ECD408A2AA60A9F00787F85 /* Assets.xcassets in Resources */ = {isa = PBXBuildFile; fileRef = 2ECD40892AA60A9F00787F85 /* Assets.xcassets */; };
		2ECD408D2AA60A9F00787F85 /* LaunchScreen.storyboard in Resources */ = {isa = PBXBuildFile; fileRef = 2ECD408B2AA60A9F00787F85 /* LaunchScreen.storyboard */; };
		2ECD40982AA60AA000787F85 /* TasksTests.swift in Sources */ = {isa = PBXBuildFile; fileRef = 2ECD40972AA60AA000787F85 /* TasksTests.swift */; };
		2ECD40A22AA60AA000787F85 /* TasksUITests.swift in Sources */ = {isa = PBXBuildFile; fileRef = 2ECD40A12AA60AA000787F85 /* TasksUITests.swift */; };
		2ECD40A42AA60AA000787F85 /* TasksUITestsLaunchTests.swift in Sources */ = {isa = PBXBuildFile; fileRef = 2ECD40A32AA60AA000787F85 /* TasksUITestsLaunchTests.swift */; };
		2ECD40B12AA657F300787F85 /* EntryViewController.swift in Sources */ = {isa = PBXBuildFile; fileRef = 2ECD40B02AA657F300787F85 /* EntryViewController.swift */; };
		2ECD40B32AA6581400787F85 /* TaskViewController.swift in Sources */ = {isa = PBXBuildFile; fileRef = 2ECD40B22AA6581400787F85 /* TaskViewController.swift */; };
/* End PBXBuildFile section */

/* Begin PBXContainerItemProxy section */
		2ECD40942AA60AA000787F85 /* PBXContainerItemProxy */ = {
			isa = PBXContainerItemProxy;
			containerPortal = 2ECD40752AA60A9C00787F85 /* Project object */;
			proxyType = 1;
			remoteGlobalIDString = 2ECD407C2AA60A9C00787F85;
			remoteInfo = Tasks;
		};
		2ECD409E2AA60AA000787F85 /* PBXContainerItemProxy */ = {
			isa = PBXContainerItemProxy;
			containerPortal = 2ECD40752AA60A9C00787F85 /* Project object */;
			proxyType = 1;
			remoteGlobalIDString = 2ECD407C2AA60A9C00787F85;
			remoteInfo = Tasks;
		};
/* End PBXContainerItemProxy section */

/* Begin PBXFileReference section */
		2ECD407D2AA60A9C00787F85 /* Tasks.app */ = {isa = PBXFileReference; explicitFileType = wrapper.application; includeInIndex = 0; path = Tasks.app; sourceTree = BUILT_PRODUCTS_DIR; };
		2ECD40802AA60A9C00787F85 /* AppDelegate.swift */ = {isa = PBXFileReference; lastKnownFileType = sourcecode.swift; path = AppDelegate.swift; sourceTree = "<group>"; };
		2ECD40822AA60A9C00787F85 /* SceneDelegate.swift */ = {isa = PBXFileReference; lastKnownFileType = sourcecode.swift; path = SceneDelegate.swift; sourceTree = "<group>"; };
		2ECD40842AA60A9C00787F85 /* ViewController.swift */ = {isa = PBXFileReference; lastKnownFileType = sourcecode.swift; path = ViewController.swift; sourceTree = "<group>"; };
		2ECD40872AA60A9C00787F85 /* Base */ = {isa = PBXFileReference; lastKnownFileType = file.storyboard; name = Base; path = Base.lproj/Main.storyboard; sourceTree = "<group>"; };
		2ECD40892AA60A9F00787F85 /* Assets.xcassets */ = {isa = PBXFileReference; lastKnownFileType = folder.assetcatalog; path = Assets.xcassets; sourceTree = "<group>"; };
		2ECD408C2AA60A9F00787F85 /* Base */ = {isa = PBXFileReference; lastKnownFileType = file.storyboard; name = Base; path = Base.lproj/LaunchScreen.storyboard; sourceTree = "<group>"; };
		2ECD408E2AA60A9F00787F85 /* Info.plist */ = {isa = PBXFileReference; lastKnownFileType = text.plist.xml; path = Info.plist; sourceTree = "<group>"; };
		2ECD40932AA60AA000787F85 /* TasksTests.xctest */ = {isa = PBXFileReference; explicitFileType = wrapper.cfbundle; includeInIndex = 0; path = TasksTests.xctest; sourceTree = BUILT_PRODUCTS_DIR; };
		2ECD40972AA60AA000787F85 /* TasksTests.swift */ = {isa = PBXFileReference; lastKnownFileType = sourcecode.swift; path = TasksTests.swift; sourceTree = "<group>"; };
		2ECD409D2AA60AA000787F85 /* TasksUITests.xctest */ = {isa = PBXFileReference; explicitFileType = wrapper.cfbundle; includeInIndex = 0; path = TasksUITests.xctest; sourceTree = BUILT_PRODUCTS_DIR; };
		2ECD40A12AA60AA000787F85 /* TasksUITests.swift */ = {isa = PBXFileReference; lastKnownFileType = sourcecode.swift; path = TasksUITests.swift; sourceTree = "<group>"; };
		2ECD40A32AA60AA000787F85 /* TasksUITestsLaunchTests.swift */ = {isa = PBXFileReference; lastKnownFileType = sourcecode.swift; path = TasksUITestsLaunchTests.swift; sourceTree = "<group>"; };
		2ECD40B02AA657F300787F85 /* EntryViewController.swift */ = {isa = PBXFileReference; lastKnownFileType = sourcecode.swift; path = EntryViewController.swift; sourceTree = "<group>"; };
		2ECD40B22AA6581400787F85 /* TaskViewController.swift */ = {isa = PBXFileReference; lastKnownFileType = sourcecode.swift; path = TaskViewController.swift; sourceTree = "<group>"; };
/* End PBXFileReference section */

/* Begin PBXFrameworksBuildPhase section */
		2ECD407A2AA60A9C00787F85 /* Frameworks */ = {
			isa = PBXFrameworksBuildPhase;
			buildActionMask = 2147483647;
			files = (
			);
			runOnlyForDeploymentPostprocessing = 0;
		};
		2ECD40902AA60AA000787F85 /* Frameworks */ = {
			isa = PBXFrameworksBuildPhase;
			buildActionMask = 2147483647;
			files = (
			);
			runOnlyForDeploymentPostprocessing = 0;
		};
		2ECD409A2AA60AA000787F85 /* Frameworks */ = {
			isa = PBXFrameworksBuildPhase;
			buildActionMask = 2147483647;
			files = (
			);
			runOnlyForDeploymentPostprocessing = 0;
		};
/* End PBXFrameworksBuildPhase section */

/* Begin PBXGroup section */
		2ECD40742AA60A9C00787F85 = {
			isa = PBXGroup;
			children = (
				2ECD407F2AA60A9C00787F85 /* Tasks */,
				2ECD40962AA60AA000787F85 /* TasksTests */,
				2ECD40A02AA60AA000787F85 /* TasksUITests */,
				2ECD407E2AA60A9C00787F85 /* Products */,
			);
			sourceTree = "<group>";
		};
		2ECD407E2AA60A9C00787F85 /* Products */ = {
			isa = PBXGroup;
			children = (
				2ECD407D2AA60A9C00787F85 /* Tasks.app */,
				2ECD40932AA60AA000787F85 /* TasksTests.xctest */,
				2ECD409D2AA60AA000787F85 /* TasksUITests.xctest */,
			);
			name = Products;
			sourceTree = "<group>";
		};
		2ECD407F2AA60A9C00787F85 /* Tasks */ = {
			isa = PBXGroup;
			children = (
				2ECD40802AA60A9C00787F85 /* AppDelegate.swift */,
				2ECD40822AA60A9C00787F85 /* SceneDelegate.swift */,
				2ECD40842AA60A9C00787F85 /* ViewController.swift */,
				2ECD40862AA60A9C00787F85 /* Main.storyboard */,
				2ECD40892AA60A9F00787F85 /* Assets.xcassets */,
				2ECD408B2AA60A9F00787F85 /* LaunchScreen.storyboard */,
				2ECD408E2AA60A9F00787F85 /* Info.plist */,
				2ECD40B02AA657F300787F85 /* EntryViewController.swift */,
				2ECD40B22AA6581400787F85 /* TaskViewController.swift */,
			);
			path = Tasks;
			sourceTree = "<group>";
		};
		2ECD40962AA60AA000787F85 /* TasksTests */ = {
			isa = PBXGroup;
			children = (
				2ECD40972AA60AA000787F85 /* TasksTests.swift */,
			);
			path = TasksTests;
			sourceTree = "<group>";
		};
		2ECD40A02AA60AA000787F85 /* TasksUITests */ = {
			isa = PBXGroup;
			children = (
				2ECD40A12AA60AA000787F85 /* TasksUITests.swift */,
				2ECD40A32AA60AA000787F85 /* TasksUITestsLaunchTests.swift */,
			);
			path = TasksUITests;
			sourceTree = "<group>";
		};
/* End PBXGroup section */

/* Begin PBXNativeTarget section */
		2ECD407C2AA60A9C00787F85 /* Tasks */ = {
			isa = PBXNativeTarget;
			buildConfigurationList = 2ECD40A72AA60AA000787F85 /* Build configuration list for PBXNativeTarget "Tasks" */;
			buildPhases = (
				2ECD40792AA60A9C00787F85 /* Sources */,
				2ECD407A2AA60A9C00787F85 /* Frameworks */,
				2ECD407B2AA60A9C00787F85 /* Resources */,
			);
			buildRules = (
			);
			dependencies = (
			);
			name = Tasks;
			productName = Tasks;
			productReference = 2ECD407D2AA60A9C00787F85 /* Tasks.app */;
			productType = "com.apple.product-type.application";
		};
		2ECD40922AA60AA000787F85 /* TasksTests */ = {
			isa = PBXNativeTarget;
			buildConfigurationList = 2ECD40AA2AA60AA000787F85 /* Build configuration list for PBXNativeTarget "TasksTests" */;
			buildPhases = (
				2ECD408F2AA60AA000787F85 /* Sources */,
				2ECD40902AA60AA000787F85 /* Frameworks */,
				2ECD40912AA60AA000787F85 /* Resources */,
			);
			buildRules = (
			);
			dependencies = (
				2ECD40952AA60AA000787F85 /* PBXTargetDependency */,
			);
			name = TasksTests;
			productName = TasksTests;
			productReference = 2ECD40932AA60AA000787F85 /* TasksTests.xctest */;
			productType = "com.apple.product-type.bundle.unit-test";
		};
		2ECD409C2AA60AA000787F85 /* TasksUITests */ = {
			isa = PBXNativeTarget;
			buildConfigurationList = 2ECD40AD2AA60AA000787F85 /* Build configuration list for PBXNativeTarget "TasksUITests" */;
			buildPhases = (
				2ECD40992AA60AA000787F85 /* Sources */,
				2ECD409A2AA60AA000787F85 /* Frameworks */,
				2ECD409B2AA60AA000787F85 /* Resources */,
			);
			buildRules = (
			);
			dependencies = (
				2ECD409F2AA60AA000787F85 /* PBXTargetDependency */,
			);
			name = TasksUITests;
			productName = TasksUITests;
			productReference = 2ECD409D2AA60AA000787F85 /* TasksUITests.xctest */;
			productType = "com.apple.product-type.bundle.ui-testing";
		};
/* End PBXNativeTarget section */

/* Begin PBXProject section */
		2ECD40752AA60A9C00787F85 /* Project object */ = {
			isa = PBXProject;
			attributes = {
				BuildIndependentTargetsInParallel = 1;
				LastSwiftUpdateCheck = 1430;
				LastUpgradeCheck = 1430;
				TargetAttributes = {
					2ECD407C2AA60A9C00787F85 = {
						CreatedOnToolsVersion = 14.3.1;
					};
					2ECD40922AA60AA000787F85 = {
						CreatedOnToolsVersion = 14.3.1;
						TestTargetID = 2ECD407C2AA60A9C00787F85;
					};
					2ECD409C2AA60AA000787F85 = {
						CreatedOnToolsVersion = 14.3.1;
						TestTargetID = 2ECD407C2AA60A9C00787F85;
					};
				};
			};
			buildConfigurationList = 2ECD40782AA60A9C00787F85 /* Build configuration list for PBXProject "Tasks" */;
			compatibilityVersion = "Xcode 14.0";
			developmentRegion = en;
			hasScannedForEncodings = 0;
			knownRegions = (
				en,
				Base,
			);
			mainGroup = 2ECD40742AA60A9C00787F85;
			productRefGroup = 2ECD407E2AA60A9C00787F85 /* Products */;
			projectDirPath = "";
			projectRoot = "";
			targets = (
				2ECD407C2AA60A9C00787F85 /* Tasks */,
				2ECD40922AA60AA000787F85 /* TasksTests */,
				2ECD409C2AA60AA000787F85 /* TasksUITests */,
			);
		};
/* End PBXProject section */

/* Begin PBXResourcesBuildPhase section */
		2ECD407B2AA60A9C00787F85 /* Resources */ = {
			isa = PBXResourcesBuildPhase;
			buildActionMask = 2147483647;
			files = (
				2ECD408D2AA60A9F00787F85 /* LaunchScreen.storyboard in Resources */,
				2ECD408A2AA60A9F00787F85 /* Assets.xcassets in Resources */,
				2ECD40882AA60A9C00787F85 /* Main.storyboard in Resources */,
			);
			runOnlyForDeploymentPostprocessing = 0;
		};
		2ECD40912AA60AA000787F85 /* Resources */ = {
			isa = PBXResourcesBuildPhase;
			buildActionMask = 2147483647;
			files = (
			);
			runOnlyForDeploymentPostprocessing = 0;
		};
		2ECD409B2AA60AA000787F85 /* Resources */ = {
			isa = PBXResourcesBuildPhase;
			buildActionMask = 2147483647;
			files = (
			);
			runOnlyForDeploymentPostprocessing = 0;
		};
/* End PBXResourcesBuildPhase section */

/* Begin PBXSourcesBuildPhase section */
		2ECD40792AA60A9C00787F85 /* Sources */ = {
			isa = PBXSourcesBuildPhase;
			buildActionMask = 2147483647;
			files = (
				2ECD40852AA60A9C00787F85 /* ViewController.swift in Sources */,
				2ECD40B12AA657F300787F85 /* EntryViewController.swift in Sources */,
				2ECD40B32AA6581400787F85 /* TaskViewController.swift in Sources */,
				2ECD40812AA60A9C00787F85 /* AppDelegate.swift in Sources */,
				2ECD40832AA60A9C00787F85 /* SceneDelegate.swift in Sources */,
			);
			runOnlyForDeploymentPostprocessing = 0;
		};
		2ECD408F2AA60AA000787F85 /* Sources */ = {
			isa = PBXSourcesBuildPhase;
			buildActionMask = 2147483647;
			files = (
				2ECD40982AA60AA000787F85 /* TasksTests.swift in Sources */,
			);
			runOnlyForDeploymentPostprocessing = 0;
		};
		2ECD40992AA60AA000787F85 /* Sources */ = {
			isa = PBXSourcesBuildPhase;
			buildActionMask = 2147483647;
			files = (
				2ECD40A22AA60AA000787F85 /* TasksUITests.swift in Sources */,
				2ECD40A42AA60AA000787F85 /* TasksUITestsLaunchTests.swift in Sources */,
			);
			runOnlyForDeploymentPostprocessing = 0;
		};
/* End PBXSourcesBuildPhase section */

/* Begin PBXTargetDependency section */
		2ECD40952AA60AA000787F85 /* PBXTargetDependency */ = {
			isa = PBXTargetDependency;
			target = 2ECD407C2AA60A9C00787F85 /* Tasks */;
			targetProxy = 2ECD40942AA60AA000787F85 /* PBXContainerItemProxy */;
		};
		2ECD409F2AA60AA000787F85 /* PBXTargetDependency */ = {
			isa = PBXTargetDependency;
			target = 2ECD407C2AA60A9C00787F85 /* Tasks */;
			targetProxy = 2ECD409E2AA60AA000787F85 /* PBXContainerItemProxy */;
		};
/* End PBXTargetDependency section */

/* Begin PBXVariantGroup section */
		2ECD40862AA60A9C00787F85 /* Main.storyboard */ = {
			isa = PBXVariantGroup;
			children = (
				2ECD40872AA60A9C00787F85 /* Base */,
			);
			name = Main.storyboard;
			sourceTree = "<group>";
		};
		2ECD408B2AA60A9F00787F85 /* LaunchScreen.storyboard */ = {
			isa = PBXVariantGroup;
			children = (
				2ECD408C2AA60A9F00787F85 /* Base */,
			);
			name = LaunchScreen.storyboard;
			sourceTree = "<group>";
		};
/* End PBXVariantGroup section */

/* Begin XCBuildConfiguration section */
		2ECD40A52AA60AA000787F85 /* Debug */ = {
			isa = XCBuildConfiguration;
			buildSettings = {
				ALWAYS_SEARCH_USER_PATHS = NO;
				CLANG_ANALYZER_NONNULL = YES;
				CLANG_ANALYZER_NUMBER_OBJECT_CONVERSION = YES_AGGRESSIVE;
				CLANG_CXX_LANGUAGE_STANDARD = "gnu++20";
				CLANG_ENABLE_MODULES = YES;
				CLANG_ENABLE_OBJC_ARC = YES;
				CLANG_ENABLE_OBJC_WEAK = YES;
				CLANG_WARN_BLOCK_CAPTURE_AUTORELEASING = YES;
				CLANG_WARN_BOOL_CONVERSION = YES;
				CLANG_WARN_COMMA = YES;
				CLANG_WARN_CONSTANT_CONVERSION = YES;
				CLANG_WARN_DEPRECATED_OBJC_IMPLEMENTATIONS = YES;
				CLANG_WARN_DIRECT_OBJC_ISA_USAGE = YES_ERROR;
				CLANG_WARN_DOCUMENTATION_COMMENTS = YES;
				CLANG_WARN_EMPTY_BODY = YES;
				CLANG_WARN_ENUM_CONVERSION = YES;
				CLANG_WARN_INFINITE_RECURSION = YES;
				CLANG_WARN_INT_CONVERSION = YES;
				CLANG_WARN_NON_LITERAL_NULL_CONVERSION = YES;
				CLANG_WARN_OBJC_IMPLICIT_RETAIN_SELF = YES;
				CLANG_WARN_OBJC_LITERAL_CONVERSION = YES;
				CLANG_WARN_OBJC_ROOT_CLASS = YES_ERROR;
				CLANG_WARN_QUOTED_INCLUDE_IN_FRAMEWORK_HEADER = YES;
				CLANG_WARN_RANGE_LOOP_ANALYSIS = YES;
				CLANG_WARN_STRICT_PROTOTYPES = YES;
				CLANG_WARN_SUSPICIOUS_MOVE = YES;
				CLANG_WARN_UNGUARDED_AVAILABILITY = YES_AGGRESSIVE;
				CLANG_WARN_UNREACHABLE_CODE = YES;
				CLANG_WARN__DUPLICATE_METHOD_MATCH = YES;
				COPY_PHASE_STRIP = NO;
				DEBUG_INFORMATION_FORMAT = dwarf;
				ENABLE_STRICT_OBJC_MSGSEND = YES;
				ENABLE_TESTABILITY = YES;
				GCC_C_LANGUAGE_STANDARD = gnu11;
				GCC_DYNAMIC_NO_PIC = NO;
				GCC_NO_COMMON_BLOCKS = YES;
				GCC_OPTIMIZATION_LEVEL = 0;
				GCC_PREPROCESSOR_DEFINITIONS = (
					"DEBUG=1",
					"$(inherited)",
				);
				GCC_WARN_64_TO_32_BIT_CONVERSION = YES;
				GCC_WARN_ABOUT_RETURN_TYPE = YES_ERROR;
				GCC_WARN_UNDECLARED_SELECTOR = YES;
				GCC_WARN_UNINITIALIZED_AUTOS = YES_AGGRESSIVE;
				GCC_WARN_UNUSED_FUNCTION = YES;
				GCC_WARN_UNUSED_VARIABLE = YES;
				IPHONEOS_DEPLOYMENT_TARGET = 16.4;
				MTL_ENABLE_DEBUG_INFO = INCLUDE_SOURCE;
				MTL_FAST_MATH = YES;
				ONLY_ACTIVE_ARCH = YES;
				SDKROOT = iphoneos;
				SWIFT_ACTIVE_COMPILATION_CONDITIONS = DEBUG;
				SWIFT_OPTIMIZATION_LEVEL = "-Onone";
			};
			name = Debug;
		};
		2ECD40A62AA60AA000787F85 /* Release */ = {
			isa = XCBuildConfiguration;
			buildSettings = {
				ALWAYS_SEARCH_USER_PATHS = NO;
				CLANG_ANALYZER_NONNULL = YES;
				CLANG_ANALYZER_NUMBER_OBJECT_CONVERSION = YES_AGGRESSIVE;
				CLANG_CXX_LANGUAGE_STANDARD = "gnu++20";
				CLANG_ENABLE_MODULES = YES;
				CLANG_ENABLE_OBJC_ARC = YES;
				CLANG_ENABLE_OBJC_WEAK = YES;
				CLANG_WARN_BLOCK_CAPTURE_AUTORELEASING = YES;
				CLANG_WARN_BOOL_CONVERSION = YES;
				CLANG_WARN_COMMA = YES;
				CLANG_WARN_CONSTANT_CONVERSION = YES;
				CLANG_WARN_DEPRECATED_OBJC_IMPLEMENTATIONS = YES;
				CLANG_WARN_DIRECT_OBJC_ISA_USAGE = YES_ERROR;
				CLANG_WARN_DOCUMENTATION_COMMENTS = YES;
				CLANG_WARN_EMPTY_BODY = YES;
				CLANG_WARN_ENUM_CONVERSION = YES;
				CLANG_WARN_INFINITE_RECURSION = YES;
				CLANG_WARN_INT_CONVERSION = YES;
				CLANG_WARN_NON_LITERAL_NULL_CONVERSION = YES;
				CLANG_WARN_OBJC_IMPLICIT_RETAIN_SELF = YES;
				CLANG_WARN_OBJC_LITERAL_CONVERSION = YES;
				CLANG_WARN_OBJC_ROOT_CLASS = YES_ERROR;
				CLANG_WARN_QUOTED_INCLUDE_IN_FRAMEWORK_HEADER = YES;
				CLANG_WARN_RANGE_LOOP_ANALYSIS = YES;
				CLANG_WARN_STRICT_PROTOTYPES = YES;
				CLANG_WARN_SUSPICIOUS_MOVE = YES;
				CLANG_WARN_UNGUARDED_AVAILABILITY = YES_AGGRESSIVE;
				CLANG_WARN_UNREACHABLE_CODE = YES;
				CLANG_WARN__DUPLICATE_METHOD_MATCH = YES;
				COPY_PHASE_STRIP = NO;
				DEBUG_INFORMATION_FORMAT = "dwarf-with-dsym";
				ENABLE_NS_ASSERTIONS = NO;
				ENABLE_STRICT_OBJC_MSGSEND = YES;
				GCC_C_LANGUAGE_STANDARD = gnu11;
				GCC_NO_COMMON_BLOCKS = YES;
				GCC_WARN_64_TO_32_BIT_CONVERSION = YES;
				GCC_WARN_ABOUT_RETURN_TYPE = YES_ERROR;
				GCC_WARN_UNDECLARED_SELECTOR = YES;
				GCC_WARN_UNINITIALIZED_AUTOS = YES_AGGRESSIVE;
				GCC_WARN_UNUSED_FUNCTION = YES;
				GCC_WARN_UNUSED_VARIABLE = YES;
				IPHONEOS_DEPLOYMENT_TARGET = 16.4;
				MTL_ENABLE_DEBUG_INFO = NO;
				MTL_FAST_MATH = YES;
				SDKROOT = iphoneos;
				SWIFT_COMPILATION_MODE = wholemodule;
				SWIFT_OPTIMIZATION_LEVEL = "-O";
				VALIDATE_PRODUCT = YES;
			};
			name = Release;
		};
		2ECD40A82AA60AA000787F85 /* Debug */ = {
			isa = XCBuildConfiguration;
			buildSettings = {
				ASSETCATALOG_COMPILER_APPICON_NAME = AppIcon;
				ASSETCATALOG_COMPILER_GLOBAL_ACCENT_COLOR_NAME = AccentColor;
				CODE_SIGN_STYLE = Automatic;
				CURRENT_PROJECT_VERSION = 1;
				GENERATE_INFOPLIST_FILE = YES;
				INFOPLIST_FILE = Tasks/Info.plist;
				INFOPLIST_KEY_UIApplicationSupportsIndirectInputEvents = YES;
				INFOPLIST_KEY_UILaunchStoryboardName = LaunchScreen;
				INFOPLIST_KEY_UIMainStoryboardFile = Main;
				INFOPLIST_KEY_UISupportedInterfaceOrientations_iPad = "UIInterfaceOrientationPortrait UIInterfaceOrientationPortraitUpsideDown UIInterfaceOrientationLandscapeLeft UIInterfaceOrientationLandscapeRight";
				INFOPLIST_KEY_UISupportedInterfaceOrientations_iPhone = "UIInterfaceOrientationPortrait UIInterfaceOrientationLandscapeLeft UIInterfaceOrientationLandscapeRight";
				LD_RUNPATH_SEARCH_PATHS = (
					"$(inherited)",
					"@executable_path/Frameworks",
				);
				MARKETING_VERSION = 1.0;
				PRODUCT_BUNDLE_IDENTIFIER = nayemuzzaman.Tasks;
				PRODUCT_NAME = "$(TARGET_NAME)";
				SWIFT_EMIT_LOC_STRINGS = YES;
				SWIFT_VERSION = 5.0;
				TARGETED_DEVICE_FAMILY = "1,2";
			};
			name = Debug;
		};
		2ECD40A92AA60AA000787F85 /* Release */ = {
			isa = XCBuildConfiguration;
			buildSettings = {
				ASSETCATALOG_COMPILER_APPICON_NAME = AppIcon;
				ASSETCATALOG_COMPILER_GLOBAL_ACCENT_COLOR_NAME = AccentColor;
				CODE_SIGN_STYLE = Automatic;
				CURRENT_PROJECT_VERSION = 1;
				GENERATE_INFOPLIST_FILE = YES;
				INFOPLIST_FILE = Tasks/Info.plist;
				INFOPLIST_KEY_UIApplicationSupportsIndirectInputEvents = YES;
				INFOPLIST_KEY_UILaunchStoryboardName = LaunchScreen;
				INFOPLIST_KEY_UIMainStoryboardFile = Main;
				INFOPLIST_KEY_UISupportedInterfaceOrientations_iPad = "UIInterfaceOrientationPortrait UIInterfaceOrientationPortraitUpsideDown UIInterfaceOrientationLandscapeLeft UIInterfaceOrientationLandscapeRight";
				INFOPLIST_KEY_UISupportedInterfaceOrientations_iPhone = "UIInterfaceOrientationPortrait UIInterfaceOrientationLandscapeLeft UIInterfaceOrientationLandscapeRight";
				LD_RUNPATH_SEARCH_PATHS = (
					"$(inherited)",
					"@executable_path/Frameworks",
				);
				MARKETING_VERSION = 1.0;
				PRODUCT_BUNDLE_IDENTIFIER = nayemuzzaman.Tasks;
				PRODUCT_NAME = "$(TARGET_NAME)";
				SWIFT_EMIT_LOC_STRINGS = YES;
				SWIFT_VERSION = 5.0;
				TARGETED_DEVICE_FAMILY = "1,2";
			};
			name = Release;
		};
		2ECD40AB2AA60AA000787F85 /* Debug */ = {
			isa = XCBuildConfiguration;
			buildSettings = {
				ALWAYS_EMBED_SWIFT_STANDARD_LIBRARIES = YES;
				BUNDLE_LOADER = "$(TEST_HOST)";
				CODE_SIGN_STYLE = Automatic;
				CURRENT_PROJECT_VERSION = 1;
				GENERATE_INFOPLIST_FILE = YES;
				IPHONEOS_DEPLOYMENT_TARGET = 16.4;
				MARKETING_VERSION = 1.0;
				PRODUCT_BUNDLE_IDENTIFIER = nayemuzzaman.TasksTests;
				PRODUCT_NAME = "$(TARGET_NAME)";
				SWIFT_EMIT_LOC_STRINGS = NO;
				SWIFT_VERSION = 5.0;
				TARGETED_DEVICE_FAMILY = "1,2";
				TEST_HOST = "$(BUILT_PRODUCTS_DIR)/Tasks.app/$(BUNDLE_EXECUTABLE_FOLDER_PATH)/Tasks";
			};
			name = Debug;
		};
		2ECD40AC2AA60AA000787F85 /* Release */ = {
			isa = XCBuildConfiguration;
			buildSettings = {
				ALWAYS_EMBED_SWIFT_STANDARD_LIBRARIES = YES;
				BUNDLE_LOADER = "$(TEST_HOST)";
				CODE_SIGN_STYLE = Automatic;
				CURRENT_PROJECT_VERSION = 1;
				GENERATE_INFOPLIST_FILE = YES;
				IPHONEOS_DEPLOYMENT_TARGET = 16.4;
				MARKETING_VERSION = 1.0;
				PRODUCT_BUNDLE_IDENTIFIER = nayemuzzaman.TasksTests;
				PRODUCT_NAME = "$(TARGET_NAME)";
				SWIFT_EMIT_LOC_STRINGS = NO;
				SWIFT_VERSION = 5.0;
				TARGETED_DEVICE_FAMILY = "1,2";
				TEST_HOST = "$(BUILT_PRODUCTS_DIR)/Tasks.app/$(BUNDLE_EXECUTABLE_FOLDER_PATH)/Tasks";
			};
			name = Release;
		};
		2ECD40AE2AA60AA000787F85 /* Debug */ = {
			isa = XCBuildConfiguration;
			buildSettings = {
				ALWAYS_EMBED_SWIFT_STANDARD_LIBRARIES = YES;
				CODE_SIGN_STYLE = Automatic;
				CURRENT_PROJECT_VERSION = 1;
				GENERATE_INFOPLIST_FILE = YES;
				MARKETING_VERSION = 1.0;
				PRODUCT_BUNDLE_IDENTIFIER = nayemuzzaman.TasksUITests;
				PRODUCT_NAME = "$(TARGET_NAME)";
				SWIFT_EMIT_LOC_STRINGS = NO;
				SWIFT_VERSION = 5.0;
				TARGETED_DEVICE_FAMILY = "1,2";
				TEST_TARGET_NAME = Tasks;
			};
			name = Debug;
		};
		2ECD40AF2AA60AA000787F85 /* Release */ = {
			isa = XCBuildConfiguration;
			buildSettings = {
				ALWAYS_EMBED_SWIFT_STANDARD_LIBRARIES = YES;
				CODE_SIGN_STYLE = Automatic;
				CURRENT_PROJECT_VERSION = 1;
				GENERATE_INFOPLIST_FILE = YES;
				MARKETING_VERSION = 1.0;
				PRODUCT_BUNDLE_IDENTIFIER = nayemuzzaman.TasksUITests;
				PRODUCT_NAME = "$(TARGET_NAME)";
				SWIFT_EMIT_LOC_STRINGS = NO;
				SWIFT_VERSION = 5.0;
				TARGETED_DEVICE_FAMILY = "1,2";
				TEST_TARGET_NAME = Tasks;
			};
			name = Release;
		};
/* End XCBuildConfiguration section */

/* Begin XCConfigurationList section */
		2ECD40782AA60A9C00787F85 /* Build configuration list for PBXProject "Tasks" */ = {
			isa = XCConfigurationList;
			buildConfigurations = (
				2ECD40A52AA60AA000787F85 /* Debug */,
				2ECD40A62AA60AA000787F85 /* Release */,
			);
			defaultConfigurationIsVisible = 0;
			defaultConfigurationName = Release;
		};
		2ECD40A72AA60AA000787F85 /* Build configuration list for PBXNativeTarget "Tasks" */ = {
			isa = XCConfigurationList;
			buildConfigurations = (
				2ECD40A82AA60AA000787F85 /* Debug */,
				2ECD40A92AA60AA000787F85 /* Release */,
			);
			defaultConfigurationIsVisible = 0;
			defaultConfigurationName = Release;
		};
		2ECD40AA2AA60AA000787F85 /* Build configuration list for PBXNativeTarget "TasksTests" */ = {
			isa = XCConfigurationList;
			buildConfigurations = (
				2ECD40AB2AA60AA000787F85 /* Debug */,
				2ECD40AC2AA60AA000787F85 /* Release */,
			);
			defaultConfigurationIsVisible = 0;
			defaultConfigurationName = Release;
		};
		2ECD40AD2AA60AA000787F85 /* Build configuration list for PBXNativeTarget "TasksUITests" */ = {
			isa = XCConfigurationList;
			buildConfigurations = (
				2ECD40AE2AA60AA000787F85 /* Debug */,
				2ECD40AF2AA60AA000787F85 /* Release */,
			);
			defaultConfigurationIsVisible = 0;
			defaultConfigurationName = Release;
		};
/* End XCConfigurationList section */
	};
	rootObject = 2ECD40752AA60A9C00787F85 /* Project object */;
}
